
Microsoft Visual Studio Solution File, Format Version 12.00
# Visual Studio Version 17
VisualStudioVersion = 17.4.33103.184
MinimumVisualStudioVersion = 10.0.40219.1
Project("{FAE04EC0-301F-11D3-BF4B-00C04F79EFBC}") = "ce205-hw4-unit-test", "ce205-hw4-unit-test\ce205-hw4-unit-test.csproj", "{0522DD4D-D6E9-49F4-AFB5-3A9FC29F09AB}"
EndProject
Project("{FAE04EC0-301F-11D3-BF4B-00C04F79EFBC}") = "ce205-hw4-gui", "ce205-hw4-gui\ce205-hw4-gui.csproj", "{0618FF3D-D550-4E7B-83FB-8A92647A42F4}"
EndProject
Global
	GlobalSection(SolutionConfigurationPlatforms) = preSolution
		Debug|Any CPU = Debug|Any CPU
		Release|Any CPU = Release|Any CPU
	EndGlobalSection
	GlobalSection(ProjectConfigurationPlatforms) = postSolution
		{0522DD4D-D6E9-49F4-AFB5-3A9FC29F09AB}.Debug|Any CPU.ActiveCfg = Debug|Any CPU
		{0522DD4D-D6E9-49F4-AFB5-3A9FC29F09AB}.Debug|Any CPU.Build.0 = Debug|Any CPU
		{0522DD4D-D6E9-49F4-AFB5-3A9FC29F09AB}.Release|Any CPU.ActiveCfg = Release|Any CPU
		{0522DD4D-D6E9-49F4-AFB5-3A9FC29F09AB}.Release|Any CPU.Build.0 = Release|Any CPU
		{0618FF3D-D550-4E7B-83FB-8A92647A42F4}.Debug|Any CPU.ActiveCfg = Debug|Any CPU
		{0618FF3D-D550-4E7B-83FB-8A92647A42F4}.Debug|Any CPU.Build.0 = Debug|Any CPU
		{0618FF3D-D550-4E7B-83FB-8A92647A42F4}.Release|Any CPU.ActiveCfg = Release|Any CPU
		{0618FF3D-D550-4E7B-83FB-8A92647A42F4}.Release|Any CPU.Build.0 = Release|Any CPU
	EndGlobalSection
	GlobalSection(SolutionProperties) = preSolution
		HideSolutionNode = FALSE
	EndGlobalSection
	GlobalSection(ExtensibilityGlobals) = postSolution
		SolutionGuid = {55C135AD-8F92-4298-9F95-9F468CE6987A}
	EndGlobalSection
EndGlobal
